// !$*UTF8*$!
{
	archiveVersion = 1;
	classes = {
	};
	objectVersion = 55;
	objects = {

/* Begin PBXBuildFile section */
		CB1D34C328DB97F50038CE1B /* AppDelegate.swift in Sources */ = {isa = PBXBuildFile; fileRef = CB1D34C228DB97F50038CE1B /* AppDelegate.swift */; };
		CB1D34C528DB97F50038CE1B /* SceneDelegate.swift in Sources */ = {isa = PBXBuildFile; fileRef = CB1D34C428DB97F50038CE1B /* SceneDelegate.swift */; };
		CB1D34CA28DB97F50038CE1B /* Main.storyboard in Resources */ = {isa = PBXBuildFile; fileRef = CB1D34C828DB97F50038CE1B /* Main.storyboard */; };
		CB1D34CC28DB97FA0038CE1B /* Assets.xcassets in Resources */ = {isa = PBXBuildFile; fileRef = CB1D34CB28DB97FA0038CE1B /* Assets.xcassets */; };
		CB1D34CF28DB97FA0038CE1B /* LaunchScreen.storyboard in Resources */ = {isa = PBXBuildFile; fileRef = CB1D34CD28DB97FA0038CE1B /* LaunchScreen.storyboard */; };
		CB1D34D928DB9A910038CE1B /* TaskListController.swift in Sources */ = {isa = PBXBuildFile; fileRef = CB1D34D828DB9A910038CE1B /* TaskListController.swift */; };
		CB1D34DC28DB9B350038CE1B /* Task.swift in Sources */ = {isa = PBXBuildFile; fileRef = CB1D34DB28DB9B350038CE1B /* Task.swift */; };
		CB1D34DE28DB9C5B0038CE1B /* TasksStorage.swift in Sources */ = {isa = PBXBuildFile; fileRef = CB1D34DD28DB9C5B0038CE1B /* TasksStorage.swift */; };
		CB1D34E428DC690A0038CE1B /* TaskCell.swift in Sources */ = {isa = PBXBuildFile; fileRef = CB1D34E328DC690A0038CE1B /* TaskCell.swift */; };
		CB1D34E628DCDD110038CE1B /* TaskEditControllerTableViewController.swift in Sources */ = {isa = PBXBuildFile; fileRef = CB1D34E528DCDD110038CE1B /* TaskEditControllerTableViewController.swift */; };
		CB1D34E828DCEED00038CE1B /* TaskTypeController.swift in Sources */ = {isa = PBXBuildFile; fileRef = CB1D34E728DCEED00038CE1B /* TaskTypeController.swift */; };
		CB1D34EB28DCF1C90038CE1B /* TaskTypeCell.swift in Sources */ = {isa = PBXBuildFile; fileRef = CB1D34E928DCF1C90038CE1B /* TaskTypeCell.swift */; };
		CB1D34EC28DCF1C90038CE1B /* TaskTypeCell.xib in Resources */ = {isa = PBXBuildFile; fileRef = CB1D34EA28DCF1C90038CE1B /* TaskTypeCell.xib */; };
/* End PBXBuildFile section */

/* Begin PBXFileReference section */
		CB1D34BF28DB97F50038CE1B /* To-Do Manager.app */ = {isa = PBXFileReference; explicitFileType = wrapper.application; includeInIndex = 0; path = "To-Do Manager.app"; sourceTree = BUILT_PRODUCTS_DIR; };
		CB1D34C228DB97F50038CE1B /* AppDelegate.swift */ = {isa = PBXFileReference; lastKnownFileType = sourcecode.swift; path = AppDelegate.swift; sourceTree = "<group>"; };
		CB1D34C428DB97F50038CE1B /* SceneDelegate.swift */ = {isa = PBXFileReference; lastKnownFileType = sourcecode.swift; path = SceneDelegate.swift; sourceTree = "<group>"; };
		CB1D34C928DB97F50038CE1B /* Base */ = {isa = PBXFileReference; lastKnownFileType = file.storyboard; name = Base; path = Base.lproj/Main.storyboard; sourceTree = "<group>"; };
		CB1D34CB28DB97FA0038CE1B /* Assets.xcassets */ = {isa = PBXFileReference; lastKnownFileType = folder.assetcatalog; path = Assets.xcassets; sourceTree = "<group>"; };
		CB1D34CE28DB97FA0038CE1B /* Base */ = {isa = PBXFileReference; lastKnownFileType = file.storyboard; name = Base; path = Base.lproj/LaunchScreen.storyboard; sourceTree = "<group>"; };
		CB1D34D028DB97FA0038CE1B /* Info.plist */ = {isa = PBXFileReference; lastKnownFileType = text.plist.xml; path = Info.plist; sourceTree = "<group>"; };
		CB1D34D828DB9A910038CE1B /* TaskListController.swift */ = {isa = PBXFileReference; lastKnownFileType = sourcecode.swift; path = TaskListController.swift; sourceTree = "<group>"; };
		CB1D34DB28DB9B350038CE1B /* Task.swift */ = {isa = PBXFileReference; lastKnownFileType = sourcecode.swift; path = Task.swift; sourceTree = "<group>"; };
		CB1D34DD28DB9C5B0038CE1B /* TasksStorage.swift */ = {isa = PBXFileReference; lastKnownFileType = sourcecode.swift; path = TasksStorage.swift; sourceTree = "<group>"; };
		CB1D34E328DC690A0038CE1B /* TaskCell.swift */ = {isa = PBXFileReference; lastKnownFileType = sourcecode.swift; path = TaskCell.swift; sourceTree = "<group>"; };
		CB1D34E528DCDD110038CE1B /* TaskEditControllerTableViewController.swift */ = {isa = PBXFileReference; lastKnownFileType = sourcecode.swift; path = TaskEditControllerTableViewController.swift; sourceTree = "<group>"; };
		CB1D34E728DCEED00038CE1B /* TaskTypeController.swift */ = {isa = PBXFileReference; lastKnownFileType = sourcecode.swift; path = TaskTypeController.swift; sourceTree = "<group>"; };
		CB1D34E928DCF1C90038CE1B /* TaskTypeCell.swift */ = {isa = PBXFileReference; lastKnownFileType = sourcecode.swift; path = TaskTypeCell.swift; sourceTree = "<group>"; };
		CB1D34EA28DCF1C90038CE1B /* TaskTypeCell.xib */ = {isa = PBXFileReference; lastKnownFileType = file.xib; path = TaskTypeCell.xib; sourceTree = "<group>"; };
/* End PBXFileReference section */

/* Begin PBXFrameworksBuildPhase section */
		CB1D34BC28DB97F50038CE1B /* Frameworks */ = {
			isa = PBXFrameworksBuildPhase;
			buildActionMask = 2147483647;
			files = (
			);
			runOnlyForDeploymentPostprocessing = 0;
		};
/* End PBXFrameworksBuildPhase section */

/* Begin PBXGroup section */
		CB1D34B628DB97F50038CE1B = {
			isa = PBXGroup;
			children = (
				CB1D34DF28DBA9760038CE1B /* View */,
				CB1D34DA28DB9B0B0038CE1B /* Model */,
				CB1D34C128DB97F50038CE1B /* To-Do Manager */,
				CB1D34C028DB97F50038CE1B /* Products */,
			);
			sourceTree = "<group>";
		};
		CB1D34C028DB97F50038CE1B /* Products */ = {
			isa = PBXGroup;
			children = (
				CB1D34BF28DB97F50038CE1B /* To-Do Manager.app */,
			);
			name = Products;
			sourceTree = "<group>";
		};
		CB1D34C128DB97F50038CE1B /* To-Do Manager */ = {
			isa = PBXGroup;
			children = (
				CB1D34C228DB97F50038CE1B /* AppDelegate.swift */,
				CB1D34C428DB97F50038CE1B /* SceneDelegate.swift */,
				CB1D34D828DB9A910038CE1B /* TaskListController.swift */,
				CB1D34E528DCDD110038CE1B /* TaskEditControllerTableViewController.swift */,
				CB1D34E728DCEED00038CE1B /* TaskTypeController.swift */,
				CB1D34C828DB97F50038CE1B /* Main.storyboard */,
				CB1D34CB28DB97FA0038CE1B /* Assets.xcassets */,
				CB1D34CD28DB97FA0038CE1B /* LaunchScreen.storyboard */,
				CB1D34D028DB97FA0038CE1B /* Info.plist */,
			);
			path = "To-Do Manager";
			sourceTree = "<group>";
		};
		CB1D34DA28DB9B0B0038CE1B /* Model */ = {
			isa = PBXGroup;
			children = (
				CB1D34DB28DB9B350038CE1B /* Task.swift */,
				CB1D34DD28DB9C5B0038CE1B /* TasksStorage.swift */,
			);
			path = Model;
			sourceTree = "<group>";
		};
		CB1D34DF28DBA9760038CE1B /* View */ = {
			isa = PBXGroup;
			children = (
				CB1D34E028DBA9850038CE1B /* Cells */,
			);
			path = View;
			sourceTree = "<group>";
		};
		CB1D34E028DBA9850038CE1B /* Cells */ = {
			isa = PBXGroup;
			children = (
				CB1D34E328DC690A0038CE1B /* TaskCell.swift */,
				CB1D34E928DCF1C90038CE1B /* TaskTypeCell.swift */,
				CB1D34EA28DCF1C90038CE1B /* TaskTypeCell.xib */,
			);
			path = Cells;
			sourceTree = "<group>";
		};
/* End PBXGroup section */

/* Begin PBXNativeTarget section */
		CB1D34BE28DB97F50038CE1B /* To-Do Manager */ = {
			isa = PBXNativeTarget;
			buildConfigurationList = CB1D34D328DB97FA0038CE1B /* Build configuration list for PBXNativeTarget "To-Do Manager" */;
			buildPhases = (
				CB1D34BB28DB97F50038CE1B /* Sources */,
				CB1D34BC28DB97F50038CE1B /* Frameworks */,
				CB1D34BD28DB97F50038CE1B /* Resources */,
			);
			buildRules = (
			);
			dependencies = (
			);
			name = "To-Do Manager";
			productName = "To-Do Manager";
			productReference = CB1D34BF28DB97F50038CE1B /* To-Do Manager.app */;
			productType = "com.apple.product-type.application";
		};
/* End PBXNativeTarget section */

/* Begin PBXProject section */
		CB1D34B728DB97F50038CE1B /* Project object */ = {
			isa = PBXProject;
			attributes = {
				BuildIndependentTargetsInParallel = 1;
				LastSwiftUpdateCheck = 1340;
				LastUpgradeCheck = 1340;
				TargetAttributes = {
					CB1D34BE28DB97F50038CE1B = {
						CreatedOnToolsVersion = 13.4.1;
					};
				};
			};
			buildConfigurationList = CB1D34BA28DB97F50038CE1B /* Build configuration list for PBXProject "To-Do Manager" */;
			compatibilityVersion = "Xcode 13.0";
			developmentRegion = en;
			hasScannedForEncodings = 0;
			knownRegions = (
				en,
				Base,
			);
			mainGroup = CB1D34B628DB97F50038CE1B;
			productRefGroup = CB1D34C028DB97F50038CE1B /* Products */;
			projectDirPath = "";
			projectRoot = "";
			targets = (
				CB1D34BE28DB97F50038CE1B /* To-Do Manager */,
			);
		};
/* End PBXProject section */

/* Begin PBXResourcesBuildPhase section */
		CB1D34BD28DB97F50038CE1B /* Resources */ = {
			isa = PBXResourcesBuildPhase;
			buildActionMask = 2147483647;
			files = (
				CB1D34CF28DB97FA0038CE1B /* LaunchScreen.storyboard in Resources */,
				CB1D34CC28DB97FA0038CE1B /* Assets.xcassets in Resources */,
				CB1D34EC28DCF1C90038CE1B /* TaskTypeCell.xib in Resources */,
				CB1D34CA28DB97F50038CE1B /* Main.storyboard in Resources */,
			);
			runOnlyForDeploymentPostprocessing = 0;
		};
/* End PBXResourcesBuildPhase section */

/* Begin PBXSourcesBuildPhase section */
		CB1D34BB28DB97F50038CE1B /* Sources */ = {
			isa = PBXSourcesBuildPhase;
			buildActionMask = 2147483647;
			files = (
				CB1D34E628DCDD110038CE1B /* TaskEditControllerTableViewController.swift in Sources */,
				CB1D34DC28DB9B350038CE1B /* Task.swift in Sources */,
				CB1D34C328DB97F50038CE1B /* AppDelegate.swift in Sources */,
				CB1D34DE28DB9C5B0038CE1B /* TasksStorage.swift in Sources */,
				CB1D34E828DCEED00038CE1B /* TaskTypeController.swift in Sources */,
				CB1D34C528DB97F50038CE1B /* SceneDelegate.swift in Sources */,
				CB1D34E428DC690A0038CE1B /* TaskCell.swift in Sources */,
				CB1D34D928DB9A910038CE1B /* TaskListController.swift in Sources */,
				CB1D34EB28DCF1C90038CE1B /* TaskTypeCell.swift in Sources */,
			);
			runOnlyForDeploymentPostprocessing = 0;
		};
/* End PBXSourcesBuildPhase section */

/* Begin PBXVariantGroup section */
		CB1D34C828DB97F50038CE1B /* Main.storyboard */ = {
			isa = PBXVariantGroup;
			children = (
				CB1D34C928DB97F50038CE1B /* Base */,
			);
			name = Main.storyboard;
			sourceTree = "<group>";
		};
		CB1D34CD28DB97FA0038CE1B /* LaunchScreen.storyboard */ = {
			isa = PBXVariantGroup;
			children = (
				CB1D34CE28DB97FA0038CE1B /* Base */,
			);
			name = LaunchScreen.storyboard;
			sourceTree = "<group>";
		};
/* End PBXVariantGroup section */

/* Begin XCBuildConfiguration section */
		CB1D34D128DB97FA0038CE1B /* Debug */ = {
			isa = XCBuildConfiguration;
			buildSettings = {
				ALWAYS_SEARCH_USER_PATHS = NO;
				CLANG_ANALYZER_NONNULL = YES;
				CLANG_ANALYZER_NUMBER_OBJECT_CONVERSION = YES_AGGRESSIVE;
				CLANG_CXX_LANGUAGE_STANDARD = "gnu++17";
				CLANG_ENABLE_MODULES = YES;
				CLANG_ENABLE_OBJC_ARC = YES;
				CLANG_ENABLE_OBJC_WEAK = YES;
				CLANG_WARN_BLOCK_CAPTURE_AUTORELEASING = YES;
				CLANG_WARN_BOOL_CONVERSION = YES;
				CLANG_WARN_COMMA = YES;
				CLANG_WARN_CONSTANT_CONVERSION = YES;
				CLANG_WARN_DEPRECATED_OBJC_IMPLEMENTATIONS = YES;
				CLANG_WARN_DIRECT_OBJC_ISA_USAGE = YES_ERROR;
				CLANG_WARN_DOCUMENTATION_COMMENTS = YES;
				CLANG_WARN_EMPTY_BODY = YES;
				CLANG_WARN_ENUM_CONVERSION = YES;
				CLANG_WARN_INFINITE_RECURSION = YES;
				CLANG_WARN_INT_CONVERSION = YES;
				CLANG_WARN_NON_LITERAL_NULL_CONVERSION = YES;
				CLANG_WARN_OBJC_IMPLICIT_RETAIN_SELF = YES;
				CLANG_WARN_OBJC_LITERAL_CONVERSION = YES;
				CLANG_WARN_OBJC_ROOT_CLASS = YES_ERROR;
				CLANG_WARN_QUOTED_INCLUDE_IN_FRAMEWORK_HEADER = YES;
				CLANG_WARN_RANGE_LOOP_ANALYSIS = YES;
				CLANG_WARN_STRICT_PROTOTYPES = YES;
				CLANG_WARN_SUSPICIOUS_MOVE = YES;
				CLANG_WARN_UNGUARDED_AVAILABILITY = YES_AGGRESSIVE;
				CLANG_WARN_UNREACHABLE_CODE = YES;
				CLANG_WARN__DUPLICATE_METHOD_MATCH = YES;
				COPY_PHASE_STRIP = NO;
				DEBUG_INFORMATION_FORMAT = dwarf;
				ENABLE_STRICT_OBJC_MSGSEND = YES;
				ENABLE_TESTABILITY = YES;
				GCC_C_LANGUAGE_STANDARD = gnu11;
				GCC_DYNAMIC_NO_PIC = NO;
				GCC_NO_COMMON_BLOCKS = YES;
				GCC_OPTIMIZATION_LEVEL = 0;
				GCC_PREPROCESSOR_DEFINITIONS = (
					"DEBUG=1",
					"$(inherited)",
				);
				GCC_WARN_64_TO_32_BIT_CONVERSION = YES;
				GCC_WARN_ABOUT_RETURN_TYPE = YES_ERROR;
				GCC_WARN_UNDECLARED_SELECTOR = YES;
				GCC_WARN_UNINITIALIZED_AUTOS = YES_AGGRESSIVE;
				GCC_WARN_UNUSED_FUNCTION = YES;
				GCC_WARN_UNUSED_VARIABLE = YES;
				IPHONEOS_DEPLOYMENT_TARGET = 15.5;
				MTL_ENABLE_DEBUG_INFO = INCLUDE_SOURCE;
				MTL_FAST_MATH = YES;
				ONLY_ACTIVE_ARCH = YES;
				SDKROOT = iphoneos;
				SWIFT_ACTIVE_COMPILATION_CONDITIONS = DEBUG;
				SWIFT_OPTIMIZATION_LEVEL = "-Onone";
			};
			name = Debug;
		};
		CB1D34D228DB97FA0038CE1B /* Release */ = {
			isa = XCBuildConfiguration;
			buildSettings = {
				ALWAYS_SEARCH_USER_PATHS = NO;
				CLANG_ANALYZER_NONNULL = YES;
				CLANG_ANALYZER_NUMBER_OBJECT_CONVERSION = YES_AGGRESSIVE;
				CLANG_CXX_LANGUAGE_STANDARD = "gnu++17";
				CLANG_ENABLE_MODULES = YES;
				CLANG_ENABLE_OBJC_ARC = YES;
				CLANG_ENABLE_OBJC_WEAK = YES;
				CLANG_WARN_BLOCK_CAPTURE_AUTORELEASING = YES;
				CLANG_WARN_BOOL_CONVERSION = YES;
				CLANG_WARN_COMMA = YES;
				CLANG_WARN_CONSTANT_CONVERSION = YES;
				CLANG_WARN_DEPRECATED_OBJC_IMPLEMENTATIONS = YES;
				CLANG_WARN_DIRECT_OBJC_ISA_USAGE = YES_ERROR;
				CLANG_WARN_DOCUMENTATION_COMMENTS = YES;
				CLANG_WARN_EMPTY_BODY = YES;
				CLANG_WARN_ENUM_CONVERSION = YES;
				CLANG_WARN_INFINITE_RECURSION = YES;
				CLANG_WARN_INT_CONVERSION = YES;
				CLANG_WARN_NON_LITERAL_NULL_CONVERSION = YES;
				CLANG_WARN_OBJC_IMPLICIT_RETAIN_SELF = YES;
				CLANG_WARN_OBJC_LITERAL_CONVERSION = YES;
				CLANG_WARN_OBJC_ROOT_CLASS = YES_ERROR;
				CLANG_WARN_QUOTED_INCLUDE_IN_FRAMEWORK_HEADER = YES;
				CLANG_WARN_RANGE_LOOP_ANALYSIS = YES;
				CLANG_WARN_STRICT_PROTOTYPES = YES;
				CLANG_WARN_SUSPICIOUS_MOVE = YES;
				CLANG_WARN_UNGUARDED_AVAILABILITY = YES_AGGRESSIVE;
				CLANG_WARN_UNREACHABLE_CODE = YES;
				CLANG_WARN__DUPLICATE_METHOD_MATCH = YES;
				COPY_PHASE_STRIP = NO;
				DEBUG_INFORMATION_FORMAT = "dwarf-with-dsym";
				ENABLE_NS_ASSERTIONS = NO;
				ENABLE_STRICT_OBJC_MSGSEND = YES;
				GCC_C_LANGUAGE_STANDARD = gnu11;
				GCC_NO_COMMON_BLOCKS = YES;
				GCC_WARN_64_TO_32_BIT_CONVERSION = YES;
				GCC_WARN_ABOUT_RETURN_TYPE = YES_ERROR;
				GCC_WARN_UNDECLARED_SELECTOR = YES;
				GCC_WARN_UNINITIALIZED_AUTOS = YES_AGGRESSIVE;
				GCC_WARN_UNUSED_FUNCTION = YES;
				GCC_WARN_UNUSED_VARIABLE = YES;
				IPHONEOS_DEPLOYMENT_TARGET = 15.5;
				MTL_ENABLE_DEBUG_INFO = NO;
				MTL_FAST_MATH = YES;
				SDKROOT = iphoneos;
				SWIFT_COMPILATION_MODE = wholemodule;
				SWIFT_OPTIMIZATION_LEVEL = "-O";
				VALIDATE_PRODUCT = YES;
			};
			name = Release;
		};
		CB1D34D428DB97FA0038CE1B /* Debug */ = {
			isa = XCBuildConfiguration;
			buildSettings = {
				ASSETCATALOG_COMPILER_APPICON_NAME = AppIcon;
				ASSETCATALOG_COMPILER_GLOBAL_ACCENT_COLOR_NAME = AccentColor;
				CODE_SIGN_STYLE = Automatic;
				CURRENT_PROJECT_VERSION = 1;
				GENERATE_INFOPLIST_FILE = YES;
				INFOPLIST_FILE = "To-Do Manager/Info.plist";
				INFOPLIST_KEY_UIApplicationSupportsIndirectInputEvents = YES;
				INFOPLIST_KEY_UILaunchStoryboardName = LaunchScreen;
				INFOPLIST_KEY_UIMainStoryboardFile = Main;
				INFOPLIST_KEY_UISupportedInterfaceOrientations_iPad = "UIInterfaceOrientationPortrait UIInterfaceOrientationPortraitUpsideDown UIInterfaceOrientationLandscapeLeft UIInterfaceOrientationLandscapeRight";
				INFOPLIST_KEY_UISupportedInterfaceOrientations_iPhone = "UIInterfaceOrientationPortrait UIInterfaceOrientationLandscapeLeft UIInterfaceOrientationLandscapeRight";
				LD_RUNPATH_SEARCH_PATHS = (
					"$(inherited)",
					"@executable_path/Frameworks",
				);
				MARKETING_VERSION = 1.0;
				PRODUCT_BUNDLE_IDENTIFIER = "urichese.To-Do-Manager";
				PRODUCT_NAME = "$(TARGET_NAME)";
				SWIFT_EMIT_LOC_STRINGS = YES;
				SWIFT_VERSION = 5.0;
				TARGETED_DEVICE_FAMILY = "1,2";
			};
			name = Debug;
		};
		CB1D34D528DB97FA0038CE1B /* Release */ = {
			isa = XCBuildConfiguration;
			buildSettings = {
				ASSETCATALOG_COMPILER_APPICON_NAME = AppIcon;
				ASSETCATALOG_COMPILER_GLOBAL_ACCENT_COLOR_NAME = AccentColor;
				CODE_SIGN_STYLE = Automatic;
				CURRENT_PROJECT_VERSION = 1;
				GENERATE_INFOPLIST_FILE = YES;
				INFOPLIST_FILE = "To-Do Manager/Info.plist";
				INFOPLIST_KEY_UIApplicationSupportsIndirectInputEvents = YES;
				INFOPLIST_KEY_UILaunchStoryboardName = LaunchScreen;
				INFOPLIST_KEY_UIMainStoryboardFile = Main;
				INFOPLIST_KEY_UISupportedInterfaceOrientations_iPad = "UIInterfaceOrientationPortrait UIInterfaceOrientationPortraitUpsideDown UIInterfaceOrientationLandscapeLeft UIInterfaceOrientationLandscapeRight";
				INFOPLIST_KEY_UISupportedInterfaceOrientations_iPhone = "UIInterfaceOrientationPortrait UIInterfaceOrientationLandscapeLeft UIInterfaceOrientationLandscapeRight";
				LD_RUNPATH_SEARCH_PATHS = (
					"$(inherited)",
					"@executable_path/Frameworks",
				);
				MARKETING_VERSION = 1.0;
				PRODUCT_BUNDLE_IDENTIFIER = "urichese.To-Do-Manager";
				PRODUCT_NAME = "$(TARGET_NAME)";
				SWIFT_EMIT_LOC_STRINGS = YES;
				SWIFT_VERSION = 5.0;
				TARGETED_DEVICE_FAMILY = "1,2";
			};
			name = Release;
		};
/* End XCBuildConfiguration section */

/* Begin XCConfigurationList section */
		CB1D34BA28DB97F50038CE1B /* Build configuration list for PBXProject "To-Do Manager" */ = {
			isa = XCConfigurationList;
			buildConfigurations = (
				CB1D34D128DB97FA0038CE1B /* Debug */,
				CB1D34D228DB97FA0038CE1B /* Release */,
			);
			defaultConfigurationIsVisible = 0;
			defaultConfigurationName = Release;
		};
		CB1D34D328DB97FA0038CE1B /* Build configuration list for PBXNativeTarget "To-Do Manager" */ = {
			isa = XCConfigurationList;
			buildConfigurations = (
				CB1D34D428DB97FA0038CE1B /* Debug */,
				CB1D34D528DB97FA0038CE1B /* Release */,
			);
			defaultConfigurationIsVisible = 0;
			defaultConfigurationName = Release;
		};
/* End XCConfigurationList section */
	};
	rootObject = CB1D34B728DB97F50038CE1B /* Project object */;
}
